
Microsoft Visual Studio Solution File, Format Version 12.00
# Visual Studio Version 17
VisualStudioVersion = 17.5.002.0
MinimumVisualStudioVersion = 10.0.40219.1
Project("{2150E333-8FDC-42A3-9474-1A3956D46DE8}") = "src", "src", "{5C4228DF-3CCC-4FAF-994C-DC8AACC211E6}"
EndProject
Project("{FAE04EC0-301F-11D3-BF4B-00C04F79EFBC}") = "NQuandtCom", "src\Server\NQuandtCom.csproj", "{9260A46F-8819-4CD1-8EA3-33FF1D18F6DC}"
EndProject
Global
	GlobalSection(SolutionConfigurationPlatforms) = preSolution
		Debug|Any CPU = Debug|Any CPU
		Release|Any CPU = Release|Any CPU
	EndGlobalSection
	GlobalSection(ProjectConfigurationPlatforms) = postSolution
		{9260A46F-8819-4CD1-8EA3-33FF1D18F6DC}.Debug|Any CPU.ActiveCfg = Debug|Any CPU
		{9260A46F-8819-4CD1-8EA3-33FF1D18F6DC}.Debug|Any CPU.Build.0 = Debug|Any CPU
		{9260A46F-8819-4CD1-8EA3-33FF1D18F6DC}.Release|Any CPU.ActiveCfg = Release|Any CPU
		{9260A46F-8819-4CD1-8EA3-33FF1D18F6DC}.Release|Any CPU.Build.0 = Release|Any CPU
	EndGlobalSection
	GlobalSection(SolutionProperties) = preSolution
		HideSolutionNode = FALSE
	EndGlobalSection
	GlobalSection(NestedProjects) = preSolution
		{9260A46F-8819-4CD1-8EA3-33FF1D18F6DC} = {5C4228DF-3CCC-4FAF-994C-DC8AACC211E6}
	EndGlobalSection
	GlobalSection(ExtensibilityGlobals) = postSolution
		SolutionGuid = {5BB3C7F3-18B3-4678-92DB-F01C31C7EC47}
	EndGlobalSection
EndGlobal
